
Microsoft Visual Studio Solution File, Format Version 12.00
# Visual Studio Version 16
VisualStudioVersion = 16.0.32126.315
MinimumVisualStudioVersion = 10.0.40219.1
Project("{FAE04EC0-301F-11D3-BF4B-00C04F79EFBC}") = "PizzaStore", "PizzaStore\PizzaStore.csproj", "{4DC63379-9E57-415D-9F96-BF999389928B}"
EndProject
Global
	GlobalSection(SolutionConfigurationPlatforms) = preSolution
		Debug|Any CPU = Debug|Any CPU
		Release|Any CPU = Release|Any CPU
	EndGlobalSection
	GlobalSection(ProjectConfigurationPlatforms) = postSolution
		{4DC63379-9E57-415D-9F96-BF999389928B}.Debug|Any CPU.ActiveCfg = Debug|Any CPU
		{4DC63379-9E57-415D-9F96-BF999389928B}.Debug|Any CPU.Build.0 = Debug|Any CPU
		{4DC63379-9E57-415D-9F96-BF999389928B}.Release|Any CPU.ActiveCfg = Release|Any CPU
		{4DC63379-9E57-415D-9F96-BF999389928B}.Release|Any CPU.Build.0 = Release|Any CPU
	EndGlobalSection
	GlobalSection(SolutionProperties) = preSolution
		HideSolutionNode = FALSE
	EndGlobalSection
	GlobalSection(ExtensibilityGlobals) = postSolution
		SolutionGuid = {E6C0EEA1-F615-48C3-9DAF-C9726670F2A8}
	EndGlobalSection
EndGlobal
